// !$*UTF8*$!
{
	archiveVersion = 1;
	classes = {
	};
	objectVersion = 48;
	objects = {

/* Begin PBXBuildFile section */
		2DD7E84E401D2B7E2127C017 /* libPods-BaiSiBuDeJie.a in Frameworks */ = {isa = PBXBuildFile; fileRef = 078690BBEAB22059E7C18C16 /* libPods-BaiSiBuDeJie.a */; };
		580391F31FFE0EBD0076C82A /* PostsVideoCollectionViewCell.m in Sources */ = {isa = PBXBuildFile; fileRef = 580391F21FFE0EBD0076C82A /* PostsVideoCollectionViewCell.m */; };
		580391F61FFE12CB0076C82A /* CXLTweetListVideoController.m in Sources */ = {isa = PBXBuildFile; fileRef = 580391F51FFE12CB0076C82A /* CXLTweetListVideoController.m */; };
		580391FB1FFE27FD0076C82A /* PostsPublishView.m in Sources */ = {isa = PBXBuildFile; fileRef = 580391FA1FFE27FD0076C82A /* PostsPublishView.m */; };
		5807BB8F1FF38C5C00D457A9 /* CXLTabBarControllerConfig.m in Sources */ = {isa = PBXBuildFile; fileRef = 5807BB8E1FF38C5C00D457A9 /* CXLTabBarControllerConfig.m */; };
		5807BB951FF38DE500D457A9 /* CXLEssenceViewController.m in Sources */ = {isa = PBXBuildFile; fileRef = 5807BB941FF38DE500D457A9 /* CXLEssenceViewController.m */; };
		5807BB981FF38ED500D457A9 /* CXLNewestViewController.m in Sources */ = {isa = PBXBuildFile; fileRef = 5807BB971FF38ED500D457A9 /* CXLNewestViewController.m */; };
		5807BB9B1FF38EE800D457A9 /* CXLAttentionViewController.m in Sources */ = {isa = PBXBuildFile; fileRef = 5807BB9A1FF38EE800D457A9 /* CXLAttentionViewController.m */; };
		5807BB9E1FF38EFB00D457A9 /* CXLMineViewController.m in Sources */ = {isa = PBXBuildFile; fileRef = 5807BB9D1FF38EFB00D457A9 /* CXLMineViewController.m */; };
		5807BBA11FF3902200D457A9 /* CXLBaseNavigationController.m in Sources */ = {isa = PBXBuildFile; fileRef = 5807BBA01FF3902200D457A9 /* CXLBaseNavigationController.m */; };
		586CC7401FFF22FC00613B07 /* PostsDetailController.m in Sources */ = {isa = PBXBuildFile; fileRef = 586CC73F1FFF22FC00613B07 /* PostsDetailController.m */; };
		586CC7441FFF669700613B07 /* PostsDetailNavigation.m in Sources */ = {isa = PBXBuildFile; fileRef = 586CC7431FFF669700613B07 /* PostsDetailNavigation.m */; };
		586DB93720075FC800BE789D /* PostsDetailCommentModel.m in Sources */ = {isa = PBXBuildFile; fileRef = 586DB93620075FC800BE789D /* PostsDetailCommentModel.m */; };
		5883B4C51FFC6E8700612B82 /* PostsCommentCell.m in Sources */ = {isa = PBXBuildFile; fileRef = 5883B4C41FFC6E8700612B82 /* PostsCommentCell.m */; };
		5883B4C81FFC81E000612B82 /* PostsLayouts.m in Sources */ = {isa = PBXBuildFile; fileRef = 5883B4C71FFC81E000612B82 /* PostsLayouts.m */; };
		5883B4CC1FFC873B00612B82 /* CXLConst.m in Sources */ = {isa = PBXBuildFile; fileRef = 5883B4CB1FFC873B00612B82 /* CXLConst.m */; };
		5883B4D01FFCD6D600612B82 /* UIButton+Aliment.m in Sources */ = {isa = PBXBuildFile; fileRef = 5883B4CF1FFCD6A800612B82 /* UIButton+Aliment.m */; };
		5893EB6E1FF39F1A00C59F40 /* CXLPlusButtonAddButton.m in Sources */ = {isa = PBXBuildFile; fileRef = 5893EB6D1FF39F1A00C59F40 /* CXLPlusButtonAddButton.m */; };
		5893EB701FF3A42C00C59F40 /* Assets.xcassets in Resources */ = {isa = PBXBuildFile; fileRef = 5893EB6F1FF3A42C00C59F40 /* Assets.xcassets */; };
		5899E4E11FFB550E00AA3D4E /* PostsModel.m in Sources */ = {isa = PBXBuildFile; fileRef = 5899E4E01FFB550E00AA3D4E /* PostsModel.m */; };
		5899E4E41FFB6AED00AA3D4E /* PostsCell.m in Sources */ = {isa = PBXBuildFile; fileRef = 5899E4E31FFB6AED00AA3D4E /* PostsCell.m */; };
		5899E4EB1FFB885B00AA3D4E /* DALabeledCircularProgressView.m in Sources */ = {isa = PBXBuildFile; fileRef = 5899E4EA1FFB866900AA3D4E /* DALabeledCircularProgressView.m */; };
		5899E4EC1FFB885F00AA3D4E /* DACircularProgressView.m in Sources */ = {isa = PBXBuildFile; fileRef = 5899E4E81FFB866900AA3D4E /* DACircularProgressView.m */; };
		5899E4EF1FFB892700AA3D4E /* PostsProfileView.m in Sources */ = {isa = PBXBuildFile; fileRef = 5899E4EE1FFB892700AA3D4E /* PostsProfileView.m */; };
		5899E4F21FFB893A00AA3D4E /* PostsVideoView.m in Sources */ = {isa = PBXBuildFile; fileRef = 5899E4F11FFB893A00AA3D4E /* PostsVideoView.m */; };
		5899E4F51FFB896400AA3D4E /* PostsImageView.m in Sources */ = {isa = PBXBuildFile; fileRef = 5899E4F41FFB896400AA3D4E /* PostsImageView.m */; };
		5899E4F81FFB8E5000AA3D4E /* PostsToolBarView.m in Sources */ = {isa = PBXBuildFile; fileRef = 5899E4F71FFB8E5000AA3D4E /* PostsToolBarView.m */; };
		5899E4FB1FFB985900AA3D4E /* PostsCommentView.m in Sources */ = {isa = PBXBuildFile; fileRef = 5899E4FA1FFB985900AA3D4E /* PostsCommentView.m */; };
		58A92F671FF349D600E5D60C /* AppDelegate.m in Sources */ = {isa = PBXBuildFile; fileRef = 58A92F661FF349D600E5D60C /* AppDelegate.m */; };
		58A92F751FF349D600E5D60C /* main.m in Sources */ = {isa = PBXBuildFile; fileRef = 58A92F741FF349D600E5D60C /* main.m */; };
		58DDD6E51FF4EE2A00652015 /* CXLTweetListViewController.m in Sources */ = {isa = PBXBuildFile; fileRef = 58DDD6E41FF4EE2A00652015 /* CXLTweetListViewController.m */; };
		58E90C631FF610C7007E1ED5 /* CXLCustomHeader.m in Sources */ = {isa = PBXBuildFile; fileRef = 58E90C621FF610C7007E1ED5 /* CXLCustomHeader.m */; };
		58E90C691FF624E9007E1ED5 /* CXLCustomFooter.m in Sources */ = {isa = PBXBuildFile; fileRef = 58E90C681FF624E9007E1ED5 /* CXLCustomFooter.m */; };
		58E90C6F1FF6425B007E1ED5 /* MLNetWorkHelper.m in Sources */ = {isa = PBXBuildFile; fileRef = 58E90C6E1FF637B0007E1ED5 /* MLNetWorkHelper.m */; };
		58E90C701FF6426D007E1ED5 /* MLNetWorkCache.m in Sources */ = {isa = PBXBuildFile; fileRef = 58E90C6D1FF637B0007E1ED5 /* MLNetWorkCache.m */; };
/* End PBXBuildFile section */

/* Begin PBXFileReference section */
		078690BBEAB22059E7C18C16 /* libPods-BaiSiBuDeJie.a */ = {isa = PBXFileReference; explicitFileType = archive.ar; includeInIndex = 0; path = "libPods-BaiSiBuDeJie.a"; sourceTree = BUILT_PRODUCTS_DIR; };
		580391F11FFE0EBD0076C82A /* PostsVideoCollectionViewCell.h */ = {isa = PBXFileReference; lastKnownFileType = sourcecode.c.h; path = PostsVideoCollectionViewCell.h; sourceTree = "<group>"; };
		580391F21FFE0EBD0076C82A /* PostsVideoCollectionViewCell.m */ = {isa = PBXFileReference; lastKnownFileType = sourcecode.c.objc; path = PostsVideoCollectionViewCell.m; sourceTree = "<group>"; };
		580391F41FFE12CB0076C82A /* CXLTweetListVideoController.h */ = {isa = PBXFileReference; lastKnownFileType = sourcecode.c.h; path = CXLTweetListVideoController.h; sourceTree = "<group>"; };
		580391F51FFE12CB0076C82A /* CXLTweetListVideoController.m */ = {isa = PBXFileReference; lastKnownFileType = sourcecode.c.objc; path = CXLTweetListVideoController.m; sourceTree = "<group>"; };
		580391F91FFE27FD0076C82A /* PostsPublishView.h */ = {isa = PBXFileReference; lastKnownFileType = sourcecode.c.h; path = PostsPublishView.h; sourceTree = "<group>"; };
		580391FA1FFE27FD0076C82A /* PostsPublishView.m */ = {isa = PBXFileReference; lastKnownFileType = sourcecode.c.objc; path = PostsPublishView.m; sourceTree = "<group>"; };
		5807BB8D1FF38C5C00D457A9 /* CXLTabBarControllerConfig.h */ = {isa = PBXFileReference; lastKnownFileType = sourcecode.c.h; path = CXLTabBarControllerConfig.h; sourceTree = "<group>"; };
		5807BB8E1FF38C5C00D457A9 /* CXLTabBarControllerConfig.m */ = {isa = PBXFileReference; lastKnownFileType = sourcecode.c.objc; path = CXLTabBarControllerConfig.m; sourceTree = "<group>"; };
		5807BB931FF38DE500D457A9 /* CXLEssenceViewController.h */ = {isa = PBXFileReference; lastKnownFileType = sourcecode.c.h; path = CXLEssenceViewController.h; sourceTree = "<group>"; };
		5807BB941FF38DE500D457A9 /* CXLEssenceViewController.m */ = {isa = PBXFileReference; lastKnownFileType = sourcecode.c.objc; path = CXLEssenceViewController.m; sourceTree = "<group>"; };
		5807BB961FF38ED500D457A9 /* CXLNewestViewController.h */ = {isa = PBXFileReference; lastKnownFileType = sourcecode.c.h; path = CXLNewestViewController.h; sourceTree = "<group>"; };
		5807BB971FF38ED500D457A9 /* CXLNewestViewController.m */ = {isa = PBXFileReference; lastKnownFileType = sourcecode.c.objc; path = CXLNewestViewController.m; sourceTree = "<group>"; };
		5807BB991FF38EE800D457A9 /* CXLAttentionViewController.h */ = {isa = PBXFileReference; lastKnownFileType = sourcecode.c.h; path = CXLAttentionViewController.h; sourceTree = "<group>"; };
		5807BB9A1FF38EE800D457A9 /* CXLAttentionViewController.m */ = {isa = PBXFileReference; lastKnownFileType = sourcecode.c.objc; path = CXLAttentionViewController.m; sourceTree = "<group>"; };
		5807BB9C1FF38EFB00D457A9 /* CXLMineViewController.h */ = {isa = PBXFileReference; lastKnownFileType = sourcecode.c.h; path = CXLMineViewController.h; sourceTree = "<group>"; };
		5807BB9D1FF38EFB00D457A9 /* CXLMineViewController.m */ = {isa = PBXFileReference; lastKnownFileType = sourcecode.c.objc; path = CXLMineViewController.m; sourceTree = "<group>"; };
		5807BB9F1FF3902200D457A9 /* CXLBaseNavigationController.h */ = {isa = PBXFileReference; lastKnownFileType = sourcecode.c.h; path = CXLBaseNavigationController.h; sourceTree = "<group>"; };
		5807BBA01FF3902200D457A9 /* CXLBaseNavigationController.m */ = {isa = PBXFileReference; lastKnownFileType = sourcecode.c.objc; path = CXLBaseNavigationController.m; sourceTree = "<group>"; };
		5807BBA21FF3949600D457A9 /* PrefixHeader.pch */ = {isa = PBXFileReference; lastKnownFileType = sourcecode.c.h; path = PrefixHeader.pch; sourceTree = "<group>"; };
		586CC73E1FFF22FC00613B07 /* PostsDetailController.h */ = {isa = PBXFileReference; lastKnownFileType = sourcecode.c.h; path = PostsDetailController.h; sourceTree = "<group>"; };
		586CC73F1FFF22FC00613B07 /* PostsDetailController.m */ = {isa = PBXFileReference; lastKnownFileType = sourcecode.c.objc; path = PostsDetailController.m; sourceTree = "<group>"; };
		586CC7421FFF669700613B07 /* PostsDetailNavigation.h */ = {isa = PBXFileReference; lastKnownFileType = sourcecode.c.h; path = PostsDetailNavigation.h; sourceTree = "<group>"; };
		586CC7431FFF669700613B07 /* PostsDetailNavigation.m */ = {isa = PBXFileReference; lastKnownFileType = sourcecode.c.objc; path = PostsDetailNavigation.m; sourceTree = "<group>"; };
		586DB93520075FC800BE789D /* PostsDetailCommentModel.h */ = {isa = PBXFileReference; lastKnownFileType = sourcecode.c.h; path = PostsDetailCommentModel.h; sourceTree = "<group>"; };
		586DB93620075FC800BE789D /* PostsDetailCommentModel.m */ = {isa = PBXFileReference; lastKnownFileType = sourcecode.c.objc; path = PostsDetailCommentModel.m; sourceTree = "<group>"; };
		5883B4C31FFC6E8700612B82 /* PostsCommentCell.h */ = {isa = PBXFileReference; lastKnownFileType = sourcecode.c.h; path = PostsCommentCell.h; sourceTree = "<group>"; };
		5883B4C41FFC6E8700612B82 /* PostsCommentCell.m */ = {isa = PBXFileReference; lastKnownFileType = sourcecode.c.objc; path = PostsCommentCell.m; sourceTree = "<group>"; };
		5883B4C61FFC81E000612B82 /* PostsLayouts.h */ = {isa = PBXFileReference; lastKnownFileType = sourcecode.c.h; path = PostsLayouts.h; sourceTree = "<group>"; };
		5883B4C71FFC81E000612B82 /* PostsLayouts.m */ = {isa = PBXFileReference; lastKnownFileType = sourcecode.c.objc; path = PostsLayouts.m; sourceTree = "<group>"; };
		5883B4CA1FFC873B00612B82 /* CXLConst.h */ = {isa = PBXFileReference; lastKnownFileType = sourcecode.c.h; path = CXLConst.h; sourceTree = "<group>"; };
		5883B4CB1FFC873B00612B82 /* CXLConst.m */ = {isa = PBXFileReference; lastKnownFileType = sourcecode.c.objc; path = CXLConst.m; sourceTree = "<group>"; };
		5883B4CE1FFCD6A800612B82 /* UIButton+Aliment.h */ = {isa = PBXFileReference; lastKnownFileType = sourcecode.c.h; path = "UIButton+Aliment.h"; sourceTree = "<group>"; };
		5883B4CF1FFCD6A800612B82 /* UIButton+Aliment.m */ = {isa = PBXFileReference; lastKnownFileType = sourcecode.c.objc; path = "UIButton+Aliment.m"; sourceTree = "<group>"; };
		5893EB6C1FF39F1A00C59F40 /* CXLPlusButtonAddButton.h */ = {isa = PBXFileReference; lastKnownFileType = sourcecode.c.h; path = CXLPlusButtonAddButton.h; sourceTree = "<group>"; };
		5893EB6D1FF39F1A00C59F40 /* CXLPlusButtonAddButton.m */ = {isa = PBXFileReference; lastKnownFileType = sourcecode.c.objc; path = CXLPlusButtonAddButton.m; sourceTree = "<group>"; };
		5893EB6F1FF3A42C00C59F40 /* Assets.xcassets */ = {isa = PBXFileReference; lastKnownFileType = folder.assetcatalog; path = Assets.xcassets; sourceTree = "<group>"; };
		5899E4DF1FFB550E00AA3D4E /* PostsModel.h */ = {isa = PBXFileReference; lastKnownFileType = sourcecode.c.h; path = PostsModel.h; sourceTree = "<group>"; };
		5899E4E01FFB550E00AA3D4E /* PostsModel.m */ = {isa = PBXFileReference; lastKnownFileType = sourcecode.c.objc; path = PostsModel.m; sourceTree = "<group>"; };
		5899E4E21FFB6AED00AA3D4E /* PostsCell.h */ = {isa = PBXFileReference; lastKnownFileType = sourcecode.c.h; path = PostsCell.h; sourceTree = "<group>"; };
		5899E4E31FFB6AED00AA3D4E /* PostsCell.m */ = {isa = PBXFileReference; lastKnownFileType = sourcecode.c.objc; path = PostsCell.m; sourceTree = "<group>"; };
		5899E4E71FFB866900AA3D4E /* DACircularProgressView.h */ = {isa = PBXFileReference; lastKnownFileType = sourcecode.c.h; path = DACircularProgressView.h; sourceTree = "<group>"; };
		5899E4E81FFB866900AA3D4E /* DACircularProgressView.m */ = {isa = PBXFileReference; lastKnownFileType = sourcecode.c.objc; path = DACircularProgressView.m; sourceTree = "<group>"; };
		5899E4E91FFB866900AA3D4E /* DALabeledCircularProgressView.h */ = {isa = PBXFileReference; lastKnownFileType = sourcecode.c.h; path = DALabeledCircularProgressView.h; sourceTree = "<group>"; };
		5899E4EA1FFB866900AA3D4E /* DALabeledCircularProgressView.m */ = {isa = PBXFileReference; lastKnownFileType = sourcecode.c.objc; path = DALabeledCircularProgressView.m; sourceTree = "<group>"; };
		5899E4ED1FFB892700AA3D4E /* PostsProfileView.h */ = {isa = PBXFileReference; lastKnownFileType = sourcecode.c.h; path = PostsProfileView.h; sourceTree = "<group>"; };
		5899E4EE1FFB892700AA3D4E /* PostsProfileView.m */ = {isa = PBXFileReference; lastKnownFileType = sourcecode.c.objc; path = PostsProfileView.m; sourceTree = "<group>"; };
		5899E4F01FFB893A00AA3D4E /* PostsVideoView.h */ = {isa = PBXFileReference; lastKnownFileType = sourcecode.c.h; path = PostsVideoView.h; sourceTree = "<group>"; };
		5899E4F11FFB893A00AA3D4E /* PostsVideoView.m */ = {isa = PBXFileReference; lastKnownFileType = sourcecode.c.objc; path = PostsVideoView.m; sourceTree = "<group>"; };
		5899E4F31FFB896400AA3D4E /* PostsImageView.h */ = {isa = PBXFileReference; lastKnownFileType = sourcecode.c.h; path = PostsImageView.h; sourceTree = "<group>"; };
		5899E4F41FFB896400AA3D4E /* PostsImageView.m */ = {isa = PBXFileReference; lastKnownFileType = sourcecode.c.objc; path = PostsImageView.m; sourceTree = "<group>"; };
		5899E4F61FFB8E5000AA3D4E /* PostsToolBarView.h */ = {isa = PBXFileReference; lastKnownFileType = sourcecode.c.h; path = PostsToolBarView.h; sourceTree = "<group>"; };
		5899E4F71FFB8E5000AA3D4E /* PostsToolBarView.m */ = {isa = PBXFileReference; lastKnownFileType = sourcecode.c.objc; path = PostsToolBarView.m; sourceTree = "<group>"; };
		5899E4F91FFB985900AA3D4E /* PostsCommentView.h */ = {isa = PBXFileReference; lastKnownFileType = sourcecode.c.h; path = PostsCommentView.h; sourceTree = "<group>"; };
		5899E4FA1FFB985900AA3D4E /* PostsCommentView.m */ = {isa = PBXFileReference; lastKnownFileType = sourcecode.c.objc; path = PostsCommentView.m; sourceTree = "<group>"; };
		58A92F621FF349D600E5D60C /* BaiSiBuDeJie.app */ = {isa = PBXFileReference; explicitFileType = wrapper.application; includeInIndex = 0; path = BaiSiBuDeJie.app; sourceTree = BUILT_PRODUCTS_DIR; };
		58A92F651FF349D600E5D60C /* AppDelegate.h */ = {isa = PBXFileReference; lastKnownFileType = sourcecode.c.h; path = AppDelegate.h; sourceTree = "<group>"; };
		58A92F661FF349D600E5D60C /* AppDelegate.m */ = {isa = PBXFileReference; lastKnownFileType = sourcecode.c.objc; path = AppDelegate.m; sourceTree = "<group>"; };
		58A92F731FF349D600E5D60C /* Info.plist */ = {isa = PBXFileReference; lastKnownFileType = text.plist.xml; path = Info.plist; sourceTree = "<group>"; };
		58A92F741FF349D600E5D60C /* main.m */ = {isa = PBXFileReference; lastKnownFileType = sourcecode.c.objc; path = main.m; sourceTree = "<group>"; };
		58DDD6E31FF4EE2A00652015 /* CXLTweetListViewController.h */ = {isa = PBXFileReference; lastKnownFileType = sourcecode.c.h; path = CXLTweetListViewController.h; sourceTree = "<group>"; };
		58DDD6E41FF4EE2A00652015 /* CXLTweetListViewController.m */ = {isa = PBXFileReference; lastKnownFileType = sourcecode.c.objc; path = CXLTweetListViewController.m; sourceTree = "<group>"; };
		58E90C611FF610C7007E1ED5 /* CXLCustomHeader.h */ = {isa = PBXFileReference; lastKnownFileType = sourcecode.c.h; path = CXLCustomHeader.h; sourceTree = "<group>"; };
		58E90C621FF610C7007E1ED5 /* CXLCustomHeader.m */ = {isa = PBXFileReference; lastKnownFileType = sourcecode.c.objc; path = CXLCustomHeader.m; sourceTree = "<group>"; };
		58E90C671FF624E9007E1ED5 /* CXLCustomFooter.h */ = {isa = PBXFileReference; lastKnownFileType = sourcecode.c.h; path = CXLCustomFooter.h; sourceTree = "<group>"; };
		58E90C681FF624E9007E1ED5 /* CXLCustomFooter.m */ = {isa = PBXFileReference; lastKnownFileType = sourcecode.c.objc; path = CXLCustomFooter.m; sourceTree = "<group>"; };
		58E90C6B1FF637AF007E1ED5 /* MLNetWorkCache.h */ = {isa = PBXFileReference; lastKnownFileType = sourcecode.c.h; path = MLNetWorkCache.h; sourceTree = "<group>"; };
		58E90C6C1FF637B0007E1ED5 /* MLNetWorkHelper.h */ = {isa = PBXFileReference; lastKnownFileType = sourcecode.c.h; path = MLNetWorkHelper.h; sourceTree = "<group>"; };
		58E90C6D1FF637B0007E1ED5 /* MLNetWorkCache.m */ = {isa = PBXFileReference; lastKnownFileType = sourcecode.c.objc; path = MLNetWorkCache.m; sourceTree = "<group>"; };
		58E90C6E1FF637B0007E1ED5 /* MLNetWorkHelper.m */ = {isa = PBXFileReference; lastKnownFileType = sourcecode.c.objc; path = MLNetWorkHelper.m; sourceTree = "<group>"; };
		8D65824FBAA1EE02F1635486 /* Pods-BaiSiBuDeJie.release.xcconfig */ = {isa = PBXFileReference; includeInIndex = 1; lastKnownFileType = text.xcconfig; name = "Pods-BaiSiBuDeJie.release.xcconfig"; path = "Pods/Target Support Files/Pods-BaiSiBuDeJie/Pods-BaiSiBuDeJie.release.xcconfig"; sourceTree = "<group>"; };
		E4BE72135AF97B716991F3DA /* Pods-BaiSiBuDeJie.debug.xcconfig */ = {isa = PBXFileReference; includeInIndex = 1; lastKnownFileType = text.xcconfig; name = "Pods-BaiSiBuDeJie.debug.xcconfig"; path = "Pods/Target Support Files/Pods-BaiSiBuDeJie/Pods-BaiSiBuDeJie.debug.xcconfig"; sourceTree = "<group>"; };
/* End PBXFileReference section */

/* Begin PBXFrameworksBuildPhase section */
		58A92F5F1FF349D600E5D60C /* Frameworks */ = {
			isa = PBXFrameworksBuildPhase;
			buildActionMask = 2147483647;
			files = (
				2DD7E84E401D2B7E2127C017 /* libPods-BaiSiBuDeJie.a in Frameworks */,
			);
			runOnlyForDeploymentPostprocessing = 0;
		};
/* End PBXFrameworksBuildPhase section */

/* Begin PBXGroup section */
		02482184CD45213AA9A91FC5 /* Pods */ = {
			isa = PBXGroup;
			children = (
				E4BE72135AF97B716991F3DA /* Pods-BaiSiBuDeJie.debug.xcconfig */,
				8D65824FBAA1EE02F1635486 /* Pods-BaiSiBuDeJie.release.xcconfig */,
			);
			name = Pods;
			sourceTree = "<group>";
		};
		580391F71FFE27C90076C82A /* Publish */ = {
			isa = PBXGroup;
			children = (
				580391F81FFE27D60076C82A /* View */,
			);
			path = Publish;
			sourceTree = "<group>";
		};
		580391F81FFE27D60076C82A /* View */ = {
			isa = PBXGroup;
			children = (
				580391F91FFE27FD0076C82A /* PostsPublishView.h */,
				580391FA1FFE27FD0076C82A /* PostsPublishView.m */,
			);
			path = View;
			sourceTree = "<group>";
		};
		586CC73A1FFF21B800613B07 /* PostsDetail */ = {
			isa = PBXGroup;
			children = (
				586DB93420075F9300BE789D /* Model */,
				586CC73D1FFF21D400613B07 /* Controller */,
			);
			path = PostsDetail;
			sourceTree = "<group>";
		};
		586CC73D1FFF21D400613B07 /* Controller */ = {
			isa = PBXGroup;
			children = (
				586CC73E1FFF22FC00613B07 /* PostsDetailController.h */,
				586CC73F1FFF22FC00613B07 /* PostsDetailController.m */,
			);
			path = Controller;
			sourceTree = "<group>";
		};
		586CC7411FFF664B00613B07 /* CustomNavigation */ = {
			isa = PBXGroup;
			children = (
				586CC7421FFF669700613B07 /* PostsDetailNavigation.h */,
				586CC7431FFF669700613B07 /* PostsDetailNavigation.m */,
			);
			path = CustomNavigation;
			sourceTree = "<group>";
		};
		586DB93420075F9300BE789D /* Model */ = {
			isa = PBXGroup;
			children = (
				586DB93520075FC800BE789D /* PostsDetailCommentModel.h */,
				586DB93620075FC800BE789D /* PostsDetailCommentModel.m */,
			);
			path = Model;
			sourceTree = "<group>";
		};
		5883B4C91FFC871100612B82 /* Consts */ = {
			isa = PBXGroup;
			children = (
				5883B4CA1FFC873B00612B82 /* CXLConst.h */,
				5883B4CB1FFC873B00612B82 /* CXLConst.m */,
			);
			path = Consts;
			sourceTree = "<group>";
		};
		5883B4CD1FFCD69200612B82 /* Utility */ = {
			isa = PBXGroup;
			children = (
				5883B4CE1FFCD6A800612B82 /* UIButton+Aliment.h */,
				5883B4CF1FFCD6A800612B82 /* UIButton+Aliment.m */,
			);
			path = Utility;
			sourceTree = "<group>";
		};
		5899E4DE1FFB54F500AA3D4E /* Model */ = {
			isa = PBXGroup;
			children = (
				5899E4DF1FFB550E00AA3D4E /* PostsModel.h */,
				5899E4E01FFB550E00AA3D4E /* PostsModel.m */,
				5883B4C61FFC81E000612B82 /* PostsLayouts.h */,
				5883B4C71FFC81E000612B82 /* PostsLayouts.m */,
			);
			path = Model;
			sourceTree = "<group>";
		};
		5899E4E51FFB865A00AA3D4E /* Vendor */ = {
			isa = PBXGroup;
			children = (
				5899E4E61FFB866900AA3D4E /* DACircularProgress */,
			);
			path = Vendor;
			sourceTree = "<group>";
		};
		5899E4E61FFB866900AA3D4E /* DACircularProgress */ = {
			isa = PBXGroup;
			children = (
				5899E4E71FFB866900AA3D4E /* DACircularProgressView.h */,
				5899E4E81FFB866900AA3D4E /* DACircularProgressView.m */,
				5899E4E91FFB866900AA3D4E /* DALabeledCircularProgressView.h */,
				5899E4EA1FFB866900AA3D4E /* DALabeledCircularProgressView.m */,
			);
			path = DACircularProgress;
			sourceTree = "<group>";
		};
		58A92F591FF349D600E5D60C = {
			isa = PBXGroup;
			children = (
				58A92F641FF349D600E5D60C /* BaiSiBuDeJie */,
				58A92F631FF349D600E5D60C /* Products */,
				02482184CD45213AA9A91FC5 /* Pods */,
				AB55EA5539A1253FB971696B /* Frameworks */,
			);
			sourceTree = "<group>";
		};
		58A92F631FF349D600E5D60C /* Products */ = {
			isa = PBXGroup;
			children = (
				58A92F621FF349D600E5D60C /* BaiSiBuDeJie.app */,
			);
			name = Products;
			sourceTree = "<group>";
		};
		58A92F641FF349D600E5D60C /* BaiSiBuDeJie */ = {
			isa = PBXGroup;
			children = (
				5883B4CD1FFCD69200612B82 /* Utility */,
				5899E4E51FFB865A00AA3D4E /* Vendor */,
				58E90C5F1FF6100C007E1ED5 /* Other */,
				58DDD6DF1FF4E9D200652015 /* Module */,
				58A92F651FF349D600E5D60C /* AppDelegate.h */,
				58A92F661FF349D600E5D60C /* AppDelegate.m */,
				58A92F741FF349D600E5D60C /* main.m */,
				58A92F731FF349D600E5D60C /* Info.plist */,
				5807BBA21FF3949600D457A9 /* PrefixHeader.pch */,
				58A92F9B1FF34AB800E5D60C /* Main */,
				58A92F981FF34A6300E5D60C /* Resources */,
			);
			path = BaiSiBuDeJie;
			sourceTree = "<group>";
		};
		58A92F981FF34A6300E5D60C /* Resources */ = {
			isa = PBXGroup;
			children = (
				5893EB6F1FF3A42C00C59F40 /* Assets.xcassets */,
			);
			path = Resources;
			sourceTree = "<group>";
		};
		58A92F9B1FF34AB800E5D60C /* Main */ = {
			isa = PBXGroup;
			children = (
				5893EB6C1FF39F1A00C59F40 /* CXLPlusButtonAddButton.h */,
				5893EB6D1FF39F1A00C59F40 /* CXLPlusButtonAddButton.m */,
				5807BB8D1FF38C5C00D457A9 /* CXLTabBarControllerConfig.h */,
				5807BB8E1FF38C5C00D457A9 /* CXLTabBarControllerConfig.m */,
				5807BB9F1FF3902200D457A9 /* CXLBaseNavigationController.h */,
				5807BBA01FF3902200D457A9 /* CXLBaseNavigationController.m */,
				5807BB931FF38DE500D457A9 /* CXLEssenceViewController.h */,
				5807BB941FF38DE500D457A9 /* CXLEssenceViewController.m */,
				5807BB961FF38ED500D457A9 /* CXLNewestViewController.h */,
				5807BB971FF38ED500D457A9 /* CXLNewestViewController.m */,
				5807BB991FF38EE800D457A9 /* CXLAttentionViewController.h */,
				5807BB9A1FF38EE800D457A9 /* CXLAttentionViewController.m */,
				5807BB9C1FF38EFB00D457A9 /* CXLMineViewController.h */,
				5807BB9D1FF38EFB00D457A9 /* CXLMineViewController.m */,
			);
			path = Main;
			sourceTree = "<group>";
		};
		58DDD6DF1FF4E9D200652015 /* Module */ = {
			isa = PBXGroup;
			children = (
				586CC73A1FFF21B800613B07 /* PostsDetail */,
				580391F71FFE27C90076C82A /* Publish */,
				58DDD6E01FF4EA1000652015 /* Dynamic */,
			);
			path = Module;
			sourceTree = "<group>";
		};
		58DDD6E01FF4EA1000652015 /* Dynamic */ = {
			isa = PBXGroup;
			children = (
				5899E4DE1FFB54F500AA3D4E /* Model */,
				58DDD6E21FF4EDD100652015 /* Controller */,
				58DDD6E11FF4ED9900652015 /* View */,
			);
			path = Dynamic;
			sourceTree = "<group>";
		};
		58DDD6E11FF4ED9900652015 /* View */ = {
			isa = PBXGroup;
			children = (
				5899E4E21FFB6AED00AA3D4E /* PostsCell.h */,
				5899E4E31FFB6AED00AA3D4E /* PostsCell.m */,
				5899E4ED1FFB892700AA3D4E /* PostsProfileView.h */,
				5899E4EE1FFB892700AA3D4E /* PostsProfileView.m */,
				5899E4F01FFB893A00AA3D4E /* PostsVideoView.h */,
				5899E4F11FFB893A00AA3D4E /* PostsVideoView.m */,
				5899E4F31FFB896400AA3D4E /* PostsImageView.h */,
				5899E4F41FFB896400AA3D4E /* PostsImageView.m */,
				5899E4F61FFB8E5000AA3D4E /* PostsToolBarView.h */,
				5899E4F71FFB8E5000AA3D4E /* PostsToolBarView.m */,
				5899E4F91FFB985900AA3D4E /* PostsCommentView.h */,
				5899E4FA1FFB985900AA3D4E /* PostsCommentView.m */,
				5883B4C31FFC6E8700612B82 /* PostsCommentCell.h */,
				5883B4C41FFC6E8700612B82 /* PostsCommentCell.m */,
				580391F11FFE0EBD0076C82A /* PostsVideoCollectionViewCell.h */,
				580391F21FFE0EBD0076C82A /* PostsVideoCollectionViewCell.m */,
			);
			path = View;
			sourceTree = "<group>";
		};
		58DDD6E21FF4EDD100652015 /* Controller */ = {
			isa = PBXGroup;
			children = (
				58DDD6E31FF4EE2A00652015 /* CXLTweetListViewController.h */,
				58DDD6E41FF4EE2A00652015 /* CXLTweetListViewController.m */,
				580391F41FFE12CB0076C82A /* CXLTweetListVideoController.h */,
				580391F51FFE12CB0076C82A /* CXLTweetListVideoController.m */,
			);
			path = Controller;
			sourceTree = "<group>";
		};
		58E90C5F1FF6100C007E1ED5 /* Other */ = {
			isa = PBXGroup;
			children = (
				586CC7411FFF664B00613B07 /* CustomNavigation */,
				5883B4C91FFC871100612B82 /* Consts */,
				58E90C6A1FF6378A007E1ED5 /* NetHelper */,
				58E90C601FF6101D007E1ED5 /* DIYRefresh */,
			);
			path = Other;
			sourceTree = "<group>";
		};
		58E90C601FF6101D007E1ED5 /* DIYRefresh */ = {
			isa = PBXGroup;
			children = (
				58E90C611FF610C7007E1ED5 /* CXLCustomHeader.h */,
				58E90C621FF610C7007E1ED5 /* CXLCustomHeader.m */,
				58E90C671FF624E9007E1ED5 /* CXLCustomFooter.h */,
				58E90C681FF624E9007E1ED5 /* CXLCustomFooter.m */,
			);
			path = DIYRefresh;
			sourceTree = "<group>";
		};
		58E90C6A1FF6378A007E1ED5 /* NetHelper */ = {
			isa = PBXGroup;
			children = (
				58E90C6B1FF637AF007E1ED5 /* MLNetWorkCache.h */,
				58E90C6D1FF637B0007E1ED5 /* MLNetWorkCache.m */,
				58E90C6C1FF637B0007E1ED5 /* MLNetWorkHelper.h */,
				58E90C6E1FF637B0007E1ED5 /* MLNetWorkHelper.m */,
			);
			path = NetHelper;
			sourceTree = "<group>";
		};
		AB55EA5539A1253FB971696B /* Frameworks */ = {
			isa = PBXGroup;
			children = (
				078690BBEAB22059E7C18C16 /* libPods-BaiSiBuDeJie.a */,
			);
			name = Frameworks;
			sourceTree = "<group>";
		};
/* End PBXGroup section */

/* Begin PBXNativeTarget section */
		58A92F611FF349D600E5D60C /* BaiSiBuDeJie */ = {
			isa = PBXNativeTarget;
			buildConfigurationList = 58A92F8E1FF349D600E5D60C /* Build configuration list for PBXNativeTarget "BaiSiBuDeJie" */;
			buildPhases = (
				7C5FF126BDB865EDD75C2D06 /* [CP] Check Pods Manifest.lock */,
				58A92F5E1FF349D600E5D60C /* Sources */,
				58A92F5F1FF349D600E5D60C /* Frameworks */,
				58A92F601FF349D600E5D60C /* Resources */,
				B3028E5F287AEF6ECC652A25 /* [CP] Embed Pods Frameworks */,
				8BDEC439264099D7907E8912 /* [CP] Copy Pods Resources */,
			);
			buildRules = (
			);
			dependencies = (
			);
			name = BaiSiBuDeJie;
			productName = BaiSiBuDeJie;
			productReference = 58A92F621FF349D600E5D60C /* BaiSiBuDeJie.app */;
			productType = "com.apple.product-type.application";
		};
/* End PBXNativeTarget section */

/* Begin PBXProject section */
		58A92F5A1FF349D600E5D60C /* Project object */ = {
			isa = PBXProject;
			attributes = {
				LastUpgradeCheck = 0900;
				ORGANIZATIONNAME = caoxueliang.cn;
				TargetAttributes = {
					58A92F611FF349D600E5D60C = {
						CreatedOnToolsVersion = 9.0;
						ProvisioningStyle = Automatic;
					};
				};
			};
			buildConfigurationList = 58A92F5D1FF349D600E5D60C /* Build configuration list for PBXProject "BaiSiBuDeJie" */;
			compatibilityVersion = "Xcode 8.0";
			developmentRegion = en;
			hasScannedForEncodings = 0;
			knownRegions = (
				en,
				Base,
			);
			mainGroup = 58A92F591FF349D600E5D60C;
			productRefGroup = 58A92F631FF349D600E5D60C /* Products */;
			projectDirPath = "";
			projectRoot = "";
			targets = (
				58A92F611FF349D600E5D60C /* BaiSiBuDeJie */,
			);
		};
/* End PBXProject section */

/* Begin PBXResourcesBuildPhase section */
		58A92F601FF349D600E5D60C /* Resources */ = {
			isa = PBXResourcesBuildPhase;
			buildActionMask = 2147483647;
			files = (
				5893EB701FF3A42C00C59F40 /* Assets.xcassets in Resources */,
			);
			runOnlyForDeploymentPostprocessing = 0;
		};
/* End PBXResourcesBuildPhase section */

/* Begin PBXShellScriptBuildPhase section */
		7C5FF126BDB865EDD75C2D06 /* [CP] Check Pods Manifest.lock */ = {
			isa = PBXShellScriptBuildPhase;
			buildActionMask = 2147483647;
			files = (
			);
			inputPaths = (
			);
			name = "[CP] Check Pods Manifest.lock";
			outputPaths = (
			);
			runOnlyForDeploymentPostprocessing = 0;
			shellPath = /bin/sh;
			shellScript = "diff \"${PODS_PODFILE_DIR_PATH}/Podfile.lock\" \"${PODS_ROOT}/Manifest.lock\" > /dev/null\nif [ $? != 0 ] ; then\n    # print error to STDERR\n    echo \"error: The sandbox is not in sync with the Podfile.lock. Run 'pod install' or update your CocoaPods installation.\" >&2\n    exit 1\nfi\n";
			showEnvVarsInLog = 0;
		};
		8BDEC439264099D7907E8912 /* [CP] Copy Pods Resources */ = {
			isa = PBXShellScriptBuildPhase;
			buildActionMask = 2147483647;
			files = (
			);
			inputPaths = (
			);
			name = "[CP] Copy Pods Resources";
			outputPaths = (
			);
			runOnlyForDeploymentPostprocessing = 0;
			shellPath = /bin/sh;
			shellScript = "\"${SRCROOT}/Pods/Target Support Files/Pods-BaiSiBuDeJie/Pods-BaiSiBuDeJie-resources.sh\"\n";
			showEnvVarsInLog = 0;
		};
		B3028E5F287AEF6ECC652A25 /* [CP] Embed Pods Frameworks */ = {
			isa = PBXShellScriptBuildPhase;
			buildActionMask = 2147483647;
			files = (
			);
			inputPaths = (
			);
			name = "[CP] Embed Pods Frameworks";
			outputPaths = (
			);
			runOnlyForDeploymentPostprocessing = 0;
			shellPath = /bin/sh;
			shellScript = "\"${SRCROOT}/Pods/Target Support Files/Pods-BaiSiBuDeJie/Pods-BaiSiBuDeJie-frameworks.sh\"\n";
			showEnvVarsInLog = 0;
		};
/* End PBXShellScriptBuildPhase section */

/* Begin PBXSourcesBuildPhase section */
		58A92F5E1FF349D600E5D60C /* Sources */ = {
			isa = PBXSourcesBuildPhase;
			buildActionMask = 2147483647;
			files = (
				5883B4D01FFCD6D600612B82 /* UIButton+Aliment.m in Sources */,
				5899E4EC1FFB885F00AA3D4E /* DACircularProgressView.m in Sources */,
				5899E4EB1FFB885B00AA3D4E /* DALabeledCircularProgressView.m in Sources */,
				58E90C701FF6426D007E1ED5 /* MLNetWorkCache.m in Sources */,
				5899E4F51FFB896400AA3D4E /* PostsImageView.m in Sources */,
				58E90C6F1FF6425B007E1ED5 /* MLNetWorkHelper.m in Sources */,
				5883B4CC1FFC873B00612B82 /* CXLConst.m in Sources */,
				58E90C631FF610C7007E1ED5 /* CXLCustomHeader.m in Sources */,
				580391F31FFE0EBD0076C82A /* PostsVideoCollectionViewCell.m in Sources */,
				5807BB981FF38ED500D457A9 /* CXLNewestViewController.m in Sources */,
				5807BB9B1FF38EE800D457A9 /* CXLAttentionViewController.m in Sources */,
				58DDD6E51FF4EE2A00652015 /* CXLTweetListViewController.m in Sources */,
				5883B4C51FFC6E8700612B82 /* PostsCommentCell.m in Sources */,
				5899E4EF1FFB892700AA3D4E /* PostsProfileView.m in Sources */,
				586CC7441FFF669700613B07 /* PostsDetailNavigation.m in Sources */,
				5807BB951FF38DE500D457A9 /* CXLEssenceViewController.m in Sources */,
				5807BB8F1FF38C5C00D457A9 /* CXLTabBarControllerConfig.m in Sources */,
				5893EB6E1FF39F1A00C59F40 /* CXLPlusButtonAddButton.m in Sources */,
				58A92F751FF349D600E5D60C /* main.m in Sources */,
				5899E4F81FFB8E5000AA3D4E /* PostsToolBarView.m in Sources */,
				586CC7401FFF22FC00613B07 /* PostsDetailController.m in Sources */,
				5899E4E11FFB550E00AA3D4E /* PostsModel.m in Sources */,
				5899E4FB1FFB985900AA3D4E /* PostsCommentView.m in Sources */,
				580391F61FFE12CB0076C82A /* CXLTweetListVideoController.m in Sources */,
				58A92F671FF349D600E5D60C /* AppDelegate.m in Sources */,
				5883B4C81FFC81E000612B82 /* PostsLayouts.m in Sources */,
				5807BBA11FF3902200D457A9 /* CXLBaseNavigationController.m in Sources */,
				58E90C691FF624E9007E1ED5 /* CXLCustomFooter.m in Sources */,
				580391FB1FFE27FD0076C82A /* PostsPublishView.m in Sources */,
				5807BB9E1FF38EFB00D457A9 /* CXLMineViewController.m in Sources */,
				586DB93720075FC800BE789D /* PostsDetailCommentModel.m in Sources */,
				5899E4F21FFB893A00AA3D4E /* PostsVideoView.m in Sources */,
				5899E4E41FFB6AED00AA3D4E /* PostsCell.m in Sources */,
			);
			runOnlyForDeploymentPostprocessing = 0;
		};
/* End PBXSourcesBuildPhase section */

/* Begin XCBuildConfiguration section */
		58A92F8C1FF349D600E5D60C /* Debug */ = {
			isa = XCBuildConfiguration;
			buildSettings = {
				ALWAYS_SEARCH_USER_PATHS = NO;
				CLANG_ANALYZER_NONNULL = YES;
				CLANG_ANALYZER_NUMBER_OBJECT_CONVERSION = YES_AGGRESSIVE;
				CLANG_CXX_LANGUAGE_STANDARD = "gnu++14";
				CLANG_CXX_LIBRARY = "libc++";
				CLANG_ENABLE_MODULES = YES;
				CLANG_ENABLE_OBJC_ARC = YES;
				CLANG_WARN_BLOCK_CAPTURE_AUTORELEASING = YES;
				CLANG_WARN_BOOL_CONVERSION = YES;
				CLANG_WARN_COMMA = YES;
				CLANG_WARN_CONSTANT_CONVERSION = YES;
				CLANG_WARN_DIRECT_OBJC_ISA_USAGE = YES_ERROR;
				CLANG_WARN_DOCUMENTATION_COMMENTS = YES;
				CLANG_WARN_EMPTY_BODY = YES;
				CLANG_WARN_ENUM_CONVERSION = YES;
				CLANG_WARN_INFINITE_RECURSION = YES;
				CLANG_WARN_INT_CONVERSION = YES;
				CLANG_WARN_NON_LITERAL_NULL_CONVERSION = YES;
				CLANG_WARN_OBJC_LITERAL_CONVERSION = YES;
				CLANG_WARN_OBJC_ROOT_CLASS = YES_ERROR;
				CLANG_WARN_RANGE_LOOP_ANALYSIS = YES;
				CLANG_WARN_STRICT_PROTOTYPES = YES;
				CLANG_WARN_SUSPICIOUS_MOVE = YES;
				CLANG_WARN_UNGUARDED_AVAILABILITY = YES_AGGRESSIVE;
				CLANG_WARN_UNREACHABLE_CODE = YES;
				CLANG_WARN__DUPLICATE_METHOD_MATCH = YES;
				CODE_SIGN_IDENTITY = "iPhone Developer";
				COPY_PHASE_STRIP = NO;
				DEBUG_INFORMATION_FORMAT = dwarf;
				ENABLE_STRICT_OBJC_MSGSEND = YES;
				ENABLE_TESTABILITY = YES;
				GCC_C_LANGUAGE_STANDARD = gnu11;
				GCC_DYNAMIC_NO_PIC = NO;
				GCC_NO_COMMON_BLOCKS = YES;
				GCC_OPTIMIZATION_LEVEL = 0;
				GCC_PREPROCESSOR_DEFINITIONS = (
					"DEBUG=1",
					"$(inherited)",
				);
				GCC_WARN_64_TO_32_BIT_CONVERSION = YES;
				GCC_WARN_ABOUT_RETURN_TYPE = YES_ERROR;
				GCC_WARN_UNDECLARED_SELECTOR = YES;
				GCC_WARN_UNINITIALIZED_AUTOS = YES_AGGRESSIVE;
				GCC_WARN_UNUSED_FUNCTION = YES;
				GCC_WARN_UNUSED_VARIABLE = YES;
				IPHONEOS_DEPLOYMENT_TARGET = 9.0;
				MTL_ENABLE_DEBUG_INFO = YES;
				ONLY_ACTIVE_ARCH = YES;
				SDKROOT = iphoneos;
			};
			name = Debug;
		};
		58A92F8D1FF349D600E5D60C /* Release */ = {
			isa = XCBuildConfiguration;
			buildSettings = {
				ALWAYS_SEARCH_USER_PATHS = NO;
				CLANG_ANALYZER_NONNULL = YES;
				CLANG_ANALYZER_NUMBER_OBJECT_CONVERSION = YES_AGGRESSIVE;
				CLANG_CXX_LANGUAGE_STANDARD = "gnu++14";
				CLANG_CXX_LIBRARY = "libc++";
				CLANG_ENABLE_MODULES = YES;
				CLANG_ENABLE_OBJC_ARC = YES;
				CLANG_WARN_BLOCK_CAPTURE_AUTORELEASING = YES;
				CLANG_WARN_BOOL_CONVERSION = YES;
				CLANG_WARN_COMMA = YES;
				CLANG_WARN_CONSTANT_CONVERSION = YES;
				CLANG_WARN_DIRECT_OBJC_ISA_USAGE = YES_ERROR;
				CLANG_WARN_DOCUMENTATION_COMMENTS = YES;
				CLANG_WARN_EMPTY_BODY = YES;
				CLANG_WARN_ENUM_CONVERSION = YES;
				CLANG_WARN_INFINITE_RECURSION = YES;
				CLANG_WARN_INT_CONVERSION = YES;
				CLANG_WARN_NON_LITERAL_NULL_CONVERSION = YES;
				CLANG_WARN_OBJC_LITERAL_CONVERSION = YES;
				CLANG_WARN_OBJC_ROOT_CLASS = YES_ERROR;
				CLANG_WARN_RANGE_LOOP_ANALYSIS = YES;
				CLANG_WARN_STRICT_PROTOTYPES = YES;
				CLANG_WARN_SUSPICIOUS_MOVE = YES;
				CLANG_WARN_UNGUARDED_AVAILABILITY = YES_AGGRESSIVE;
				CLANG_WARN_UNREACHABLE_CODE = YES;
				CLANG_WARN__DUPLICATE_METHOD_MATCH = YES;
				CODE_SIGN_IDENTITY = "iPhone Developer";
				COPY_PHASE_STRIP = NO;
				DEBUG_INFORMATION_FORMAT = "dwarf-with-dsym";
				ENABLE_NS_ASSERTIONS = NO;
				ENABLE_STRICT_OBJC_MSGSEND = YES;
				GCC_C_LANGUAGE_STANDARD = gnu11;
				GCC_NO_COMMON_BLOCKS = YES;
				GCC_WARN_64_TO_32_BIT_CONVERSION = YES;
				GCC_WARN_ABOUT_RETURN_TYPE = YES_ERROR;
				GCC_WARN_UNDECLARED_SELECTOR = YES;
				GCC_WARN_UNINITIALIZED_AUTOS = YES_AGGRESSIVE;
				GCC_WARN_UNUSED_FUNCTION = YES;
				GCC_WARN_UNUSED_VARIABLE = YES;
				IPHONEOS_DEPLOYMENT_TARGET = 9.0;
				MTL_ENABLE_DEBUG_INFO = NO;
				SDKROOT = iphoneos;
				VALIDATE_PRODUCT = YES;
			};
			name = Release;
		};
		58A92F8F1FF349D600E5D60C /* Debug */ = {
			isa = XCBuildConfiguration;
			baseConfigurationReference = E4BE72135AF97B716991F3DA /* Pods-BaiSiBuDeJie.debug.xcconfig */;
			buildSettings = {
				ASSETCATALOG_COMPILER_APPICON_NAME = AppIcon;
				ASSETCATALOG_COMPILER_LAUNCHIMAGE_NAME = LaunchImage;
				CODE_SIGN_STYLE = Automatic;
				DEVELOPMENT_TEAM = 49YMBTW8W3;
				GCC_PRECOMPILE_PREFIX_HEADER = YES;
				GCC_PREFIX_HEADER = "$(SRCROOT)/BaiSiBuDeJie/PrefixHeader.pch";
				INFOPLIST_FILE = BaiSiBuDeJie/Info.plist;
				IPHONEOS_DEPLOYMENT_TARGET = 9.0;
				LD_RUNPATH_SEARCH_PATHS = "$(inherited) @executable_path/Frameworks";
				PRODUCT_BUNDLE_IDENTIFIER = caoxueliang.BaiSiBuDeJie;
				PRODUCT_NAME = "$(TARGET_NAME)";
				TARGETED_DEVICE_FAMILY = "1,2";
			};
			name = Debug;
		};
		58A92F901FF349D600E5D60C /* Release */ = {
			isa = XCBuildConfiguration;
			baseConfigurationReference = 8D65824FBAA1EE02F1635486 /* Pods-BaiSiBuDeJie.release.xcconfig */;
			buildSettings = {
				ASSETCATALOG_COMPILER_APPICON_NAME = AppIcon;
				ASSETCATALOG_COMPILER_LAUNCHIMAGE_NAME = LaunchImage;
				CODE_SIGN_STYLE = Automatic;
				DEVELOPMENT_TEAM = 49YMBTW8W3;
				GCC_PRECOMPILE_PREFIX_HEADER = YES;
				GCC_PREFIX_HEADER = "$(SRCROOT)/BaiSiBuDeJie/PrefixHeader.pch";
				INFOPLIST_FILE = BaiSiBuDeJie/Info.plist;
				IPHONEOS_DEPLOYMENT_TARGET = 9.0;
				LD_RUNPATH_SEARCH_PATHS = "$(inherited) @executable_path/Frameworks";
				PRODUCT_BUNDLE_IDENTIFIER = caoxueliang.BaiSiBuDeJie;
				PRODUCT_NAME = "$(TARGET_NAME)";
				TARGETED_DEVICE_FAMILY = "1,2";
			};
			name = Release;
		};
/* End XCBuildConfiguration section */

/* Begin XCConfigurationList section */
		58A92F5D1FF349D600E5D60C /* Build configuration list for PBXProject "BaiSiBuDeJie" */ = {
			isa = XCConfigurationList;
			buildConfigurations = (
				58A92F8C1FF349D600E5D60C /* Debug */,
				58A92F8D1FF349D600E5D60C /* Release */,
			);
			defaultConfigurationIsVisible = 0;
			defaultConfigurationName = Release;
		};
		58A92F8E1FF349D600E5D60C /* Build configuration list for PBXNativeTarget "BaiSiBuDeJie" */ = {
			isa = XCConfigurationList;
			buildConfigurations = (
				58A92F8F1FF349D600E5D60C /* Debug */,
				58A92F901FF349D600E5D60C /* Release */,
			);
			defaultConfigurationIsVisible = 0;
			defaultConfigurationName = Release;
		};
/* End XCConfigurationList section */
	};
	rootObject = 58A92F5A1FF349D600E5D60C /* Project object */;
}
